
Microsoft Visual Studio Solution File, Format Version 12.00
# Visual Studio 15
Project("{FAE04EC0-301F-11D3-BF4B-00C04F79EFBC}") = "shootingMaster_v1", "shootingMaster_v1.csproj", "{176E7512-7D77-BD82-AC65-C83616491683}"
EndProject
Project("{FAE04EC0-301F-11D3-BF4B-00C04F79EFBC}") = "shootingMaster_v1.Plugins", "shootingMaster_v1.Plugins.csproj", "{55E8D956-120A-6C1A-E5F6-CE13D3F0A21F}"
EndProject
Project("{FAE04EC0-301F-11D3-BF4B-00C04F79EFBC}") = "shootingMaster_v1.Editor.Plugins", "shootingMaster_v1.Editor.Plugins.csproj", "{C6DAAA20-F7F6-6505-1275-01037BAB6C55}"
EndProject
Project("{FAE04EC0-301F-11D3-BF4B-00C04F79EFBC}") = "shootingMaster_v1.Editor", "shootingMaster_v1.Editor.csproj", "{916D5BF0-DF3A-B63B-CA66-4BB892FE0D17}"
EndProject
Global
	GlobalSection(SolutionConfigurationPlatforms) = preSolution
		Debug|Any CPU = Debug|Any CPU
		Release|Any CPU = Release|Any CPU
	EndGlobalSection
	GlobalSection(ProjectConfigurationPlatforms) = postSolution
		{176E7512-7D77-BD82-AC65-C83616491683}.Debug|Any CPU.ActiveCfg = Debug|Any CPU
		{176E7512-7D77-BD82-AC65-C83616491683}.Debug|Any CPU.Build.0 = Debug|Any CPU
		{176E7512-7D77-BD82-AC65-C83616491683}.Release|Any CPU.ActiveCfg = Release|Any CPU
		{176E7512-7D77-BD82-AC65-C83616491683}.Release|Any CPU.Build.0 = Release|Any CPU
		{55E8D956-120A-6C1A-E5F6-CE13D3F0A21F}.Debug|Any CPU.ActiveCfg = Debug|Any CPU
		{55E8D956-120A-6C1A-E5F6-CE13D3F0A21F}.Debug|Any CPU.Build.0 = Debug|Any CPU
		{55E8D956-120A-6C1A-E5F6-CE13D3F0A21F}.Release|Any CPU.ActiveCfg = Release|Any CPU
		{55E8D956-120A-6C1A-E5F6-CE13D3F0A21F}.Release|Any CPU.Build.0 = Release|Any CPU
		{C6DAAA20-F7F6-6505-1275-01037BAB6C55}.Debug|Any CPU.ActiveCfg = Debug|Any CPU
		{C6DAAA20-F7F6-6505-1275-01037BAB6C55}.Debug|Any CPU.Build.0 = Debug|Any CPU
		{C6DAAA20-F7F6-6505-1275-01037BAB6C55}.Release|Any CPU.ActiveCfg = Release|Any CPU
		{C6DAAA20-F7F6-6505-1275-01037BAB6C55}.Release|Any CPU.Build.0 = Release|Any CPU
		{916D5BF0-DF3A-B63B-CA66-4BB892FE0D17}.Debug|Any CPU.ActiveCfg = Debug|Any CPU
		{916D5BF0-DF3A-B63B-CA66-4BB892FE0D17}.Debug|Any CPU.Build.0 = Debug|Any CPU
		{916D5BF0-DF3A-B63B-CA66-4BB892FE0D17}.Release|Any CPU.ActiveCfg = Release|Any CPU
		{916D5BF0-DF3A-B63B-CA66-4BB892FE0D17}.Release|Any CPU.Build.0 = Release|Any CPU
	EndGlobalSection
	GlobalSection(SolutionProperties) = preSolution
		HideSolutionNode = FALSE
	EndGlobalSection
EndGlobal
